
Microsoft Visual Studio Solution File, Format Version 12.00
# Visual Studio Version 17
VisualStudioVersion = 17.5.33530.505
MinimumVisualStudioVersion = 10.0.40219.1
Project("{FAE04EC0-301F-11D3-BF4B-00C04F79EFBC}") = "pruebaCapas", "pruebaCapas\pruebaCapas.csproj", "{DABB842A-8A0E-4244-A1CF-50605A5FCFDD}"
EndProject
Project("{FAE04EC0-301F-11D3-BF4B-00C04F79EFBC}") = "Crud.Model", "Crud.Model\Crud.Model.csproj", "{64BD1ACD-7946-47EB-B46D-04E7A5202E94}"
EndProject
Project("{FAE04EC0-301F-11D3-BF4B-00C04F79EFBC}") = "Crud.DAL", "Crud.DAL\Crud.DAL.csproj", "{62A4AC8A-3283-4105-8158-B5DDD74243F2}"
EndProject
Project("{FAE04EC0-301F-11D3-BF4B-00C04F79EFBC}") = "Crud.BLL", "Crud.BLL\Crud.BLL.csproj", "{D714949F-A3F8-4A7F-8565-19C5EC2DDB66}"
EndProject
Global
	GlobalSection(SolutionConfigurationPlatforms) = preSolution
		Debug|Any CPU = Debug|Any CPU
		Release|Any CPU = Release|Any CPU
	EndGlobalSection
	GlobalSection(ProjectConfigurationPlatforms) = postSolution
		{DABB842A-8A0E-4244-A1CF-50605A5FCFDD}.Debug|Any CPU.ActiveCfg = Debug|Any CPU
		{DABB842A-8A0E-4244-A1CF-50605A5FCFDD}.Debug|Any CPU.Build.0 = Debug|Any CPU
		{DABB842A-8A0E-4244-A1CF-50605A5FCFDD}.Release|Any CPU.ActiveCfg = Release|Any CPU
		{DABB842A-8A0E-4244-A1CF-50605A5FCFDD}.Release|Any CPU.Build.0 = Release|Any CPU
		{64BD1ACD-7946-47EB-B46D-04E7A5202E94}.Debug|Any CPU.ActiveCfg = Debug|Any CPU
		{64BD1ACD-7946-47EB-B46D-04E7A5202E94}.Debug|Any CPU.Build.0 = Debug|Any CPU
		{64BD1ACD-7946-47EB-B46D-04E7A5202E94}.Release|Any CPU.ActiveCfg = Release|Any CPU
		{64BD1ACD-7946-47EB-B46D-04E7A5202E94}.Release|Any CPU.Build.0 = Release|Any CPU
		{62A4AC8A-3283-4105-8158-B5DDD74243F2}.Debug|Any CPU.ActiveCfg = Debug|Any CPU
		{62A4AC8A-3283-4105-8158-B5DDD74243F2}.Debug|Any CPU.Build.0 = Debug|Any CPU
		{62A4AC8A-3283-4105-8158-B5DDD74243F2}.Release|Any CPU.ActiveCfg = Release|Any CPU
		{62A4AC8A-3283-4105-8158-B5DDD74243F2}.Release|Any CPU.Build.0 = Release|Any CPU
		{D714949F-A3F8-4A7F-8565-19C5EC2DDB66}.Debug|Any CPU.ActiveCfg = Debug|Any CPU
		{D714949F-A3F8-4A7F-8565-19C5EC2DDB66}.Debug|Any CPU.Build.0 = Debug|Any CPU
		{D714949F-A3F8-4A7F-8565-19C5EC2DDB66}.Release|Any CPU.ActiveCfg = Release|Any CPU
		{D714949F-A3F8-4A7F-8565-19C5EC2DDB66}.Release|Any CPU.Build.0 = Release|Any CPU
	EndGlobalSection
	GlobalSection(SolutionProperties) = preSolution
		HideSolutionNode = FALSE
	EndGlobalSection
	GlobalSection(ExtensibilityGlobals) = postSolution
		SolutionGuid = {7995A9A8-33B0-4BEB-AA83-E5D8BEDD59B6}
	EndGlobalSection
EndGlobal
